
Microsoft Visual Studio Solution File, Format Version 12.00
# Visual Studio Version 16
VisualStudioVersion = 16.0.29424.173
MinimumVisualStudioVersion = 10.0.40219.1
Project("{FAE04EC0-301F-11D3-BF4B-00C04F79EFBC}") = "Naive Music Updater", "Naive Music Updater\Naive Music Updater.csproj", "{340A5435-D1E1-4893-9BB9-CACDB89BBD60}"
EndProject
Project("{FAE04EC0-301F-11D3-BF4B-00C04F79EFBC}") = "Naive Music Updater 2", "Naive Music Updater 2\Naive Music Updater 2.csproj", "{8384B7E3-44A9-4B71-A62D-745163DC49EA}"
EndProject
Project("{9A19103F-16F7-4668-BE54-9A1E7A4F7556}") = "TaglibSharp", "taglib-sharp\src\TaglibSharp\TaglibSharp.csproj", "{E3714F34-2655-4ABD-A961-E7594AF93C4B}"
EndProject
Global
	GlobalSection(SolutionConfigurationPlatforms) = preSolution
		Debug|Any CPU = Debug|Any CPU
		Release|Any CPU = Release|Any CPU
	EndGlobalSection
	GlobalSection(ProjectConfigurationPlatforms) = postSolution
		{340A5435-D1E1-4893-9BB9-CACDB89BBD60}.Debug|Any CPU.ActiveCfg = Debug|Any CPU
		{340A5435-D1E1-4893-9BB9-CACDB89BBD60}.Debug|Any CPU.Build.0 = Debug|Any CPU
		{340A5435-D1E1-4893-9BB9-CACDB89BBD60}.Release|Any CPU.ActiveCfg = Release|Any CPU
		{340A5435-D1E1-4893-9BB9-CACDB89BBD60}.Release|Any CPU.Build.0 = Release|Any CPU
		{8384B7E3-44A9-4B71-A62D-745163DC49EA}.Debug|Any CPU.ActiveCfg = Debug|Any CPU
		{8384B7E3-44A9-4B71-A62D-745163DC49EA}.Debug|Any CPU.Build.0 = Debug|Any CPU
		{8384B7E3-44A9-4B71-A62D-745163DC49EA}.Release|Any CPU.ActiveCfg = Release|Any CPU
		{8384B7E3-44A9-4B71-A62D-745163DC49EA}.Release|Any CPU.Build.0 = Release|Any CPU
		{E3714F34-2655-4ABD-A961-E7594AF93C4B}.Debug|Any CPU.ActiveCfg = Debug|Any CPU
		{E3714F34-2655-4ABD-A961-E7594AF93C4B}.Debug|Any CPU.Build.0 = Debug|Any CPU
		{E3714F34-2655-4ABD-A961-E7594AF93C4B}.Release|Any CPU.ActiveCfg = Release|Any CPU
		{E3714F34-2655-4ABD-A961-E7594AF93C4B}.Release|Any CPU.Build.0 = Release|Any CPU
	EndGlobalSection
	GlobalSection(SolutionProperties) = preSolution
		HideSolutionNode = FALSE
	EndGlobalSection
	GlobalSection(ExtensibilityGlobals) = postSolution
		SolutionGuid = {8D79AE0E-E274-4FDA-A57F-D75EFFC3946D}
	EndGlobalSection
EndGlobal
